{"version":4,"terraform_version":"1.11.3","serial":9,"lineage":"b8b18a29-4b80-229a-2db9-6417c3992807","outputs":{"api_endpoint":{"value":"https://19si4gvgg0.execute-api.us-east-2.amazonaws.com","type":"string"}},"resources":[{"module":"module.function","mode":"data","type":"archive_file","name":"source_code","provider":"provider[\"registry.opentofu.org/hashicorp/archive\"]","instances":[{"schema_version":0,"attributes":{"exclude_symlink_directories":null,"excludes":null,"id":"9b4f3b18eb9b910b38e6ce554d4f17a820a0ec6b","output_base64sha256":"Qc0eZHGY7HXMIiEL3KLiDbbQJvhhgEBCY/6WqPqTDHw=","output_base64sha512":"Ip3U1sZ9AFhAWGlR7Sh/U5WhouSC/d+65+HRT3sZ3B9YDd4akJ5RMYvxrdwdpkHME/jNG89pRKPyr0n6CKXCHA==","output_file_mode":null,"output_md5":"dccd8dc6d704aa50334f5d73f77dc815","output_path":"../../modules/lambda/lambda-sample.zip","output_sha":"9b4f3b18eb9b910b38e6ce554d4f17a820a0ec6b","output_sha256":"41cd1e647198ec75cc22210bdca2e20db6d026f86180404263fe96a8fa930c7c","output_sha512":"229dd4d6c67d005840586951ed287f5395a1a2e482fddfbae7e1d14f7b19dc1f580dde1a909e51318bf1addc1da641cc13f8cd1bcf6944a3f2af49fa08a5c21c","output_size":238,"source":[],"source_content":null,"source_content_filename":null,"source_dir":"./src","source_file":null,"type":"zip"},"sensitive_attributes":[]}]},{"module":"module.function","mode":"data","type":"aws_iam_policy_document","name":"allow_logging","provider":"provider[\"registry.opentofu.org/hashicorp/aws\"]","instances":[{"schema_version":0,"attributes":{"id":"16712114","json":"{\n  \"Version\": \"2012-10-17\",\n  \"Statement\": [\n    {\n      \"Effect\": \"Allow\",\n      \"Action\": [\n        \"logs:PutLogEvents\",\n        \"logs:CreateLogStream\",\n        \"logs:CreateLogGroup\"\n      ],\n      \"Resource\": \"arn:aws:logs:*:*:*\"\n    }\n  ]\n}","minified_json":"{\"Version\":\"2012-10-17\",\"Statement\":[{\"Effect\":\"Allow\",\"Action\":[\"logs:PutLogEvents\",\"logs:CreateLogStream\",\"logs:CreateLogGroup\"],\"Resource\":\"arn:aws:logs:*:*:*\"}]}","override_json":null,"override_policy_documents":null,"policy_id":null,"source_json":null,"source_policy_documents":null,"statement":[{"actions":["logs:CreateLogGroup","logs:CreateLogStream","logs:PutLogEvents"],"condition":[],"effect":"Allow","not_actions":[],"not_principals":[],"not_resources":[],"principals":[],"resources":["arn:aws:logs:*:*:*"],"sid":""}],"version":"2012-10-17"},"sensitive_attributes":[]}]},{"module":"module.function","mode":"data","type":"aws_iam_policy_document","name":"policy","provider":"provider[\"registry.opentofu.org/hashicorp/aws\"]","instances":[{"schema_version":0,"attributes":{"id":"2690255455","json":"{\n  \"Version\": \"2012-10-17\",\n  \"Statement\": [\n    {\n      \"Effect\": \"Allow\",\n      \"Action\": \"sts:AssumeRole\",\n      \"Principal\": {\n        \"Service\": \"lambda.amazonaws.com\"\n      }\n    }\n  ]\n}","minified_json":"{\"Version\":\"2012-10-17\",\"Statement\":[{\"Effect\":\"Allow\",\"Action\":\"sts:AssumeRole\",\"Principal\":{\"Service\":\"lambda.amazonaws.com\"}}]}","override_json":null,"override_policy_documents":null,"policy_id":null,"source_json":null,"source_policy_documents":null,"statement":[{"actions":["sts:AssumeRole"],"condition":[],"effect":"Allow","not_actions":[],"not_principals":[],"not_resources":[],"principals":[{"identifiers":["lambda.amazonaws.com"],"type":"Service"}],"resources":[],"sid":""}],"version":"2012-10-17"},"sensitive_attributes":[]}]},{"module":"module.function","mode":"managed","type":"aws_iam_role","name":"lambda","provider":"provider[\"registry.opentofu.org/hashicorp/aws\"]","instances":[{"schema_version":0,"attributes":{"arn":"arn:aws:iam::681479472828:role/lambda-sample","assume_role_policy":"{\"Statement\":[{\"Action\":\"sts:AssumeRole\",\"Effect\":\"Allow\",\"Principal\":{\"Service\":\"lambda.amazonaws.com\"}}],\"Version\":\"2012-10-17\"}","create_date":"2026-02-18T01:24:19Z","description":"","force_detach_policies":false,"id":"lambda-sample","inline_policy":[{"name":"lambda-sample-allow-logging","policy":"{\"Version\":\"2012-10-17\",\"Statement\":[{\"Action\":[\"logs:PutLogEvents\",\"logs:CreateLogStream\",\"logs:CreateLogGroup\"],\"Effect\":\"Allow\",\"Resource\":\"arn:aws:logs:*:*:*\"}]}"}],"managed_policy_arns":[],"max_session_duration":3600,"name":"lambda-sample","name_prefix":"","path":"/","permissions_boundary":"","tags":{},"tags_all":{},"unique_id":"AROAZ5K2XQ26FPHQP3ZGI"},"sensitive_attributes":[],"private":"eyJzY2hlbWFfdmVyc2lvbiI6IjAifQ==","dependencies":["module.function.data.aws_iam_policy_document.policy"]}]},{"module":"module.function","mode":"managed","type":"aws_iam_role_policy","name":"allow_logging","provider":"provider[\"registry.opentofu.org/hashicorp/aws\"]","instances":[{"schema_version":0,"attributes":{"id":"lambda-sample:lambda-sample-allow-logging","name":"lambda-sample-allow-logging","name_prefix":"","policy":"{\"Version\":\"2012-10-17\",\"Statement\":[{\"Action\":[\"logs:PutLogEvents\",\"logs:CreateLogStream\",\"logs:CreateLogGroup\"],\"Effect\":\"Allow\",\"Resource\":\"arn:aws:logs:*:*:*\"}]}","role":"lambda-sample"},"sensitive_attributes":[],"private":"eyJzY2hlbWFfdmVyc2lvbiI6IjAifQ==","dependencies":["module.function.aws_iam_role.lambda","module.function.data.aws_iam_policy_document.allow_logging","module.function.data.aws_iam_policy_document.policy"]}]},{"module":"module.function","mode":"managed","type":"aws_lambda_function","name":"function","provider":"provider[\"registry.opentofu.org/hashicorp/aws\"]","instances":[{"schema_version":0,"attributes":{"architectures":["x86_64"],"arn":"arn:aws:lambda:us-east-2:681479472828:function:lambda-sample","code_sha256":"Qc0eZHGY7HXMIiEL3KLiDbbQJvhhgEBCY/6WqPqTDHw=","code_signing_config_arn":"","dead_letter_config":[],"description":"","environment":[{"variables":{"NODE_ENV":"production"}}],"ephemeral_storage":[{"size":512}],"file_system_config":[],"filename":"../../modules/lambda/lambda-sample.zip","function_name":"lambda-sample","handler":"index.handler","id":"lambda-sample","image_config":[],"image_uri":"","invoke_arn":"arn:aws:apigateway:us-east-2:lambda:path/2015-03-31/functions/arn:aws:lambda:us-east-2:681479472828:function:lambda-sample/invocations","kms_key_arn":"","last_modified":"2026-02-18T04:56:42.000+0000","layers":[],"logging_config":[{"application_log_level":"","log_format":"Text","log_group":"/aws/lambda/lambda-sample","system_log_level":""}],"memory_size":128,"package_type":"Zip","publish":false,"qualified_arn":"arn:aws:lambda:us-east-2:681479472828:function:lambda-sample:$LATEST","qualified_invoke_arn":"arn:aws:apigateway:us-east-2:lambda:path/2015-03-31/functions/arn:aws:lambda:us-east-2:681479472828:function:lambda-sample:$LATEST/invocations","replace_security_groups_on_destroy":null,"replacement_security_group_ids":null,"reserved_concurrent_executions":-1,"role":"arn:aws:iam::681479472828:role/lambda-sample","runtime":"nodejs20.x","s3_bucket":null,"s3_key":null,"s3_object_version":null,"signing_job_arn":"","signing_profile_version_arn":"","skip_destroy":false,"snap_start":[],"source_code_hash":"Qc0eZHGY7HXMIiEL3KLiDbbQJvhhgEBCY/6WqPqTDHw=","source_code_size":238,"tags":{},"tags_all":{},"timeout":5,"timeouts":null,"tracing_config":[{"mode":"PassThrough"}],"version":"$LATEST","vpc_config":[]},"sensitive_attributes":[],"private":"eyJlMmJmYjczMC1lY2FhLTExZTYtOGY4OC0zNDM2M2JjN2M0YzAiOnsiY3JlYXRlIjo2MDAwMDAwMDAwMDAsImRlbGV0ZSI6NjAwMDAwMDAwMDAwLCJ1cGRhdGUiOjYwMDAwMDAwMDAwMH19","dependencies":["module.function.aws_iam_role.lambda","module.function.data.archive_file.source_code","module.function.data.aws_iam_policy_document.policy"]}]},{"module":"module.gateway","mode":"managed","type":"aws_apigatewayv2_api","name":"api","provider":"provider[\"registry.opentofu.org/hashicorp/aws\"]","instances":[{"schema_version":0,"attributes":{"api_endpoint":"https://19si4gvgg0.execute-api.us-east-2.amazonaws.com","api_key_selection_expression":"$request.header.x-api-key","arn":"arn:aws:apigateway:us-east-2::/apis/19si4gvgg0","body":null,"cors_configuration":[],"credentials_arn":null,"description":"","disable_execute_api_endpoint":false,"execution_arn":"arn:aws:execute-api:us-east-2:681479472828:19si4gvgg0","fail_on_warnings":null,"id":"19si4gvgg0","ip_address_type":"ipv4","name":"lambda-sample","protocol_type":"HTTP","route_key":null,"route_selection_expression":"$request.method $request.path","tags":{},"tags_all":{},"target":null,"version":""},"sensitive_attributes":[],"private":"eyJzY2hlbWFfdmVyc2lvbiI6IjAifQ=="}]},{"module":"module.gateway","mode":"managed","type":"aws_apigatewayv2_integration","name":"lambda","provider":"provider[\"registry.opentofu.org/hashicorp/aws\"]","instances":[{"schema_version":0,"attributes":{"api_id":"19si4gvgg0","connection_id":"","connection_type":"INTERNET","content_handling_strategy":"","credentials_arn":"","description":"","id":"539uz4k","integration_method":"POST","integration_response_selection_expression":"","integration_subtype":"","integration_type":"AWS_PROXY","integration_uri":"arn:aws:lambda:us-east-2:681479472828:function:lambda-sample","passthrough_behavior":"","payload_format_version":"1.0","request_parameters":{},"request_templates":{},"response_parameters":[],"template_selection_expression":"","timeout_milliseconds":30000,"tls_config":[]},"sensitive_attributes":[],"private":"bnVsbA==","dependencies":["module.function.aws_iam_role.lambda","module.function.aws_lambda_function.function","module.function.data.archive_file.source_code","module.function.data.aws_iam_policy_document.policy","module.gateway.aws_apigatewayv2_api.api"]}]},{"module":"module.gateway","mode":"managed","type":"aws_apigatewayv2_route","name":"lambda_route","provider":"provider[\"registry.opentofu.org/hashicorp/aws\"]","instances":[{"index_key":"GET /","schema_version":0,"attributes":{"api_id":"19si4gvgg0","api_key_required":false,"authorization_scopes":[],"authorization_type":"NONE","authorizer_id":"","id":"97627i3","model_selection_expression":"","operation_name":"","request_models":{},"request_parameter":[],"route_key":"GET /","route_response_selection_expression":"","target":"integrations/539uz4k"},"sensitive_attributes":[],"private":"bnVsbA==","dependencies":["module.function.aws_iam_role.lambda","module.function.aws_lambda_function.function","module.function.data.archive_file.source_code","module.function.data.aws_iam_policy_document.policy","module.gateway.aws_apigatewayv2_api.api","module.gateway.aws_apigatewayv2_integration.lambda"]}]},{"module":"module.gateway","mode":"managed","type":"aws_apigatewayv2_stage","name":"default","provider":"provider[\"registry.opentofu.org/hashicorp/aws\"]","instances":[{"schema_version":0,"attributes":{"access_log_settings":[],"api_id":"19si4gvgg0","arn":"arn:aws:apigateway:us-east-2::/apis/19si4gvgg0/stages/$default","auto_deploy":true,"client_certificate_id":"","default_route_settings":[{"data_trace_enabled":false,"detailed_metrics_enabled":false,"logging_level":"","throttling_burst_limit":10000,"throttling_rate_limit":10000}],"deployment_id":"mdd54u","description":"","execution_arn":"arn:aws:execute-api:us-east-2:681479472828:19si4gvgg0/$default","id":"$default","invoke_url":"https://19si4gvgg0.execute-api.us-east-2.amazonaws.com/","name":"$default","route_settings":[],"stage_variables":{},"tags":{},"tags_all":{}},"sensitive_attributes":[],"private":"eyJzY2hlbWFfdmVyc2lvbiI6IjAifQ==","dependencies":["module.gateway.aws_apigatewayv2_api.api"]}]},{"module":"module.gateway","mode":"managed","type":"aws_lambda_permission","name":"allow_invoke","provider":"provider[\"registry.opentofu.org/hashicorp/aws\"]","instances":[{"index_key":"GET /","schema_version":0,"attributes":{"action":"lambda:InvokeFunction","event_source_token":null,"function_name":"arn:aws:lambda:us-east-2:681479472828:function:lambda-sample","function_url_auth_type":null,"id":"AllowAPIGatewayToCallSampleAppLambda","principal":"apigateway.amazonaws.com","principal_org_id":null,"qualifier":"","source_account":null,"source_arn":"arn:aws:execute-api:us-east-2:681479472828:19si4gvgg0/*/GET/","statement_id":"AllowAPIGatewayToCallSampleAppLambda","statement_id_prefix":""},"sensitive_attributes":[],"private":"eyJzY2hlbWFfdmVyc2lvbiI6IjAifQ==","dependencies":["module.function.aws_iam_role.lambda","module.function.aws_lambda_function.function","module.function.data.archive_file.source_code","module.function.data.aws_iam_policy_document.policy","module.gateway.aws_apigatewayv2_api.api"]}]}],"check_results":null}
