{"version":4,"terraform_version":"1.11.3","serial":10,"lineage":"388e4a28-8705-346a-5240-ad126b723f7c","outputs":{"cluster_arn":{"value":"arn:aws:eks:us-east-2:681479472828:cluster/eks-sample","type":"string"},"cluster_certificate_authority":{"value":[{"data":"LS0tLS1CRUdJTiBDRVJUSUZJQ0FURS0tLS0tCk1JSURCVENDQWUyZ0F3SUJBZ0lJY1VYMWpEMTJuWHN3RFFZSktvWklodmNOQVFFTEJRQXdGVEVUTUJFR0ExVUUKQXhNS2EzVmlaWEp1WlhSbGN6QWVGdzB5TmpBeU1UZ3dNRFF4TXpKYUZ3MHpOakF5TVRZd01EUTJNekphTUJVeApFekFSQmdOVkJBTVRDbXQxWW1WeWJtVjBaWE13Z2dFaU1BMEdDU3FHU0liM0RRRUJBUVVBQTRJQkR3QXdnZ0VLCkFvSUJBUURMRVBUSGtBS2d0dnNsVmFuazM1cFFHV3l2ejRnSVhYRXNtRTIxOWdRSHFxUEM2WUZPaDNxVEZoOEIKSEtrMDF2dTdUN1NtZDNoc3Jwdis3NXRMVzM1NG16dnhHS3BXQktGMFNvT2hDWW0xR1hrVkUxeXduZDAwaFlsbgpIZzl5a3JmMXZPbkt2bm9NYXFic3FZenFhV2x2aGRLc3RCUlhRNFVZY1VjWlQxRFMzYXhHeUdLQnY5amZwaWRsCldra2RHdWZBbXFMWW82VkcvVmhMZDVLMGc5SlFPNXBYbmpqUEt3cHh5bFd4ZFl6bWI4RDhFZWo5RUtRMFlwbk0KWXBPSGdpUEE2NlRNYjJHZzNwUXhPcHRCVURmMWdmY2N3MHk2UzZ2Z2xoZEZLdHMxM0hQNTdzbmJGellZQk1WZgpJYmxLSnc4VCtuT080cXQxemt1c2NUUnFWOEpKQWdNQkFBR2pXVEJYTUE0R0ExVWREd0VCL3dRRUF3SUNwREFQCkJnTlZIUk1CQWY4RUJUQURBUUgvTUIwR0ExVWREZ1FXQkJTeTlZem5MVnQ5b3R0UGRKaDRZaUZYSFI5QUtEQVYKQmdOVkhSRUVEakFNZ2dwcmRXSmxjbTVsZEdWek1BMEdDU3FHU0liM0RRRUJDd1VBQTRJQkFRQ2hta3VVaU54QQpHRXlnWmlZd0wrTkRiN3k4RU4wY2U0d216RkE4Y2M1L092QnJHK1BDdExaRDZMb3JSWTNuYU05S0I2MGxMaEg3CmpEcUcyamNqWjBBTlRUS1BXbU9LLzMzSVpQZ0lVenR0UEVsSmdMcmdKZmVQUk8vMEY0Z1FZQTBXb0lEMHNjaWYKWXlMUzhQUW45bUxlRlJnYU9ZNXpzcG9SSmhleEZFaS9ZcVdkUnV4YytMRmJQb1N5eVVNdEFqblBVQzkzcWFXeApUdWhQelVuRndYTEhPNE9UcXlzR2hPMzlpSFdja01mVnRzd3JLT1lUQ2hYK0s5bnBLSXpJRFo0UTF6UnpQMjJBCjZITkZaQTRvaEM0VXBJSmZqOVlEQmxsVjE5b3A0alRKa2FEZzRLS2gvVE1XMjhHdS84TVR6QU1EaFE2b2hiMDgKdGNlbXpMRFFRYmJuCi0tLS0tRU5EIENFUlRJRklDQVRFLS0tLS0K"}],"type":["list",["object",{"data":"string"}]]},"cluster_endpoint":{"value":"https://E12F5C179F6A1D2D39B35D73E51A7C02.gr7.us-east-2.eks.amazonaws.com","type":"string"},"cluster_name":{"value":"eks-sample","type":"string"}},"resources":[{"module":"module.cluster","mode":"data","type":"aws_iam_policy_document","name":"cluster_assume_role","provider":"provider[\"registry.opentofu.org/hashicorp/aws\"]","instances":[{"schema_version":0,"attributes":{"id":"3552664922","json":"{\n  \"Version\": \"2012-10-17\",\n  \"Statement\": [\n    {\n      \"Effect\": \"Allow\",\n      \"Action\": \"sts:AssumeRole\",\n      \"Principal\": {\n        \"Service\": \"eks.amazonaws.com\"\n      }\n    }\n  ]\n}","minified_json":"{\"Version\":\"2012-10-17\",\"Statement\":[{\"Effect\":\"Allow\",\"Action\":\"sts:AssumeRole\",\"Principal\":{\"Service\":\"eks.amazonaws.com\"}}]}","override_json":null,"override_policy_documents":null,"policy_id":null,"source_json":null,"source_policy_documents":null,"statement":[{"actions":["sts:AssumeRole"],"condition":[],"effect":"Allow","not_actions":[],"not_principals":[],"not_resources":[],"principals":[{"identifiers":["eks.amazonaws.com"],"type":"Service"}],"resources":[],"sid":""}],"version":"2012-10-17"},"sensitive_attributes":[]}]},{"module":"module.cluster","mode":"data","type":"aws_iam_policy_document","name":"node_assume_role","provider":"provider[\"registry.opentofu.org/hashicorp/aws\"]","instances":[{"schema_version":0,"attributes":{"id":"2851119427","json":"{\n  \"Version\": \"2012-10-17\",\n  \"Statement\": [\n    {\n      \"Effect\": \"Allow\",\n      \"Action\": \"sts:AssumeRole\",\n      \"Principal\": {\n        \"Service\": \"ec2.amazonaws.com\"\n      }\n    }\n  ]\n}","minified_json":"{\"Version\":\"2012-10-17\",\"Statement\":[{\"Effect\":\"Allow\",\"Action\":\"sts:AssumeRole\",\"Principal\":{\"Service\":\"ec2.amazonaws.com\"}}]}","override_json":null,"override_policy_documents":null,"policy_id":null,"source_json":null,"source_policy_documents":null,"statement":[{"actions":["sts:AssumeRole"],"condition":[],"effect":"Allow","not_actions":[],"not_principals":[],"not_resources":[],"principals":[{"identifiers":["ec2.amazonaws.com"],"type":"Service"}],"resources":[],"sid":""}],"version":"2012-10-17"},"sensitive_attributes":[]}]},{"module":"module.cluster","mode":"data","type":"aws_subnets","name":"default","provider":"provider[\"registry.opentofu.org/hashicorp/aws\"]","instances":[{"schema_version":0,"attributes":{"filter":[{"name":"vpc-id","values":["vpc-0f6568ed7e1034804"]}],"id":"us-east-2","ids":["subnet-029b1f86bcfb4fd45","subnet-0a7e92892f7f3419b","subnet-0748c51bcd6e5d896"],"tags":null,"timeouts":null},"sensitive_attributes":[]}]},{"module":"module.cluster","mode":"data","type":"aws_vpc","name":"default","provider":"provider[\"registry.opentofu.org/hashicorp/aws\"]","instances":[{"schema_version":0,"attributes":{"arn":"arn:aws:ec2:us-east-2:681479472828:vpc/vpc-0f6568ed7e1034804","cidr_block":"172.31.0.0/16","cidr_block_associations":[{"association_id":"vpc-cidr-assoc-0e78f1015bd1d66e1","cidr_block":"172.31.0.0/16","state":"associated"}],"default":true,"dhcp_options_id":"dopt-04b5279329e240de0","enable_dns_hostnames":true,"enable_dns_support":true,"enable_network_address_usage_metrics":false,"filter":null,"id":"vpc-0f6568ed7e1034804","instance_tenancy":"default","ipv6_association_id":"","ipv6_cidr_block":"","main_route_table_id":"rtb-01e951e20313fe935","owner_id":"681479472828","state":null,"tags":{},"timeouts":null},"sensitive_attributes":[]}]},{"module":"module.cluster","mode":"managed","type":"aws_eks_cluster","name":"cluster","provider":"provider[\"registry.opentofu.org/hashicorp/aws\"]","instances":[{"schema_version":1,"attributes":{"access_config":[{"authentication_mode":"CONFIG_MAP","bootstrap_cluster_creator_admin_permissions":false}],"arn":"arn:aws:eks:us-east-2:681479472828:cluster/eks-sample","bootstrap_self_managed_addons":true,"certificate_authority":[{"data":"LS0tLS1CRUdJTiBDRVJUSUZJQ0FURS0tLS0tCk1JSURCVENDQWUyZ0F3SUJBZ0lJY1VYMWpEMTJuWHN3RFFZSktvWklodmNOQVFFTEJRQXdGVEVUTUJFR0ExVUUKQXhNS2EzVmlaWEp1WlhSbGN6QWVGdzB5TmpBeU1UZ3dNRFF4TXpKYUZ3MHpOakF5TVRZd01EUTJNekphTUJVeApFekFSQmdOVkJBTVRDbXQxWW1WeWJtVjBaWE13Z2dFaU1BMEdDU3FHU0liM0RRRUJBUVVBQTRJQkR3QXdnZ0VLCkFvSUJBUURMRVBUSGtBS2d0dnNsVmFuazM1cFFHV3l2ejRnSVhYRXNtRTIxOWdRSHFxUEM2WUZPaDNxVEZoOEIKSEtrMDF2dTdUN1NtZDNoc3Jwdis3NXRMVzM1NG16dnhHS3BXQktGMFNvT2hDWW0xR1hrVkUxeXduZDAwaFlsbgpIZzl5a3JmMXZPbkt2bm9NYXFic3FZenFhV2x2aGRLc3RCUlhRNFVZY1VjWlQxRFMzYXhHeUdLQnY5amZwaWRsCldra2RHdWZBbXFMWW82VkcvVmhMZDVLMGc5SlFPNXBYbmpqUEt3cHh5bFd4ZFl6bWI4RDhFZWo5RUtRMFlwbk0KWXBPSGdpUEE2NlRNYjJHZzNwUXhPcHRCVURmMWdmY2N3MHk2UzZ2Z2xoZEZLdHMxM0hQNTdzbmJGellZQk1WZgpJYmxLSnc4VCtuT080cXQxemt1c2NUUnFWOEpKQWdNQkFBR2pXVEJYTUE0R0ExVWREd0VCL3dRRUF3SUNwREFQCkJnTlZIUk1CQWY4RUJUQURBUUgvTUIwR0ExVWREZ1FXQkJTeTlZem5MVnQ5b3R0UGRKaDRZaUZYSFI5QUtEQVYKQmdOVkhSRUVEakFNZ2dwcmRXSmxjbTVsZEdWek1BMEdDU3FHU0liM0RRRUJDd1VBQTRJQkFRQ2hta3VVaU54QQpHRXlnWmlZd0wrTkRiN3k4RU4wY2U0d216RkE4Y2M1L092QnJHK1BDdExaRDZMb3JSWTNuYU05S0I2MGxMaEg3CmpEcUcyamNqWjBBTlRUS1BXbU9LLzMzSVpQZ0lVenR0UEVsSmdMcmdKZmVQUk8vMEY0Z1FZQTBXb0lEMHNjaWYKWXlMUzhQUW45bUxlRlJnYU9ZNXpzcG9SSmhleEZFaS9ZcVdkUnV4YytMRmJQb1N5eVVNdEFqblBVQzkzcWFXeApUdWhQelVuRndYTEhPNE9UcXlzR2hPMzlpSFdja01mVnRzd3JLT1lUQ2hYK0s5bnBLSXpJRFo0UTF6UnpQMjJBCjZITkZaQTRvaEM0VXBJSmZqOVlEQmxsVjE5b3A0alRKa2FEZzRLS2gvVE1XMjhHdS84TVR6QU1EaFE2b2hiMDgKdGNlbXpMRFFRYmJuCi0tLS0tRU5EIENFUlRJRklDQVRFLS0tLS0K"}],"cluster_id":null,"compute_config":[],"created_at":"2026-02-18T00:41:16Z","enabled_cluster_log_types":[],"encryption_config":[],"endpoint":"https://E12F5C179F6A1D2D39B35D73E51A7C02.gr7.us-east-2.eks.amazonaws.com","force_update_version":null,"id":"eks-sample","identity":[{"oidc":[{"issuer":"https://oidc.eks.us-east-2.amazonaws.com/id/E12F5C179F6A1D2D39B35D73E51A7C02"}]}],"kubernetes_network_config":[{"elastic_load_balancing":[{"enabled":false}],"ip_family":"ipv4","service_ipv4_cidr":"10.100.0.0/16","service_ipv6_cidr":""}],"name":"eks-sample","outpost_config":[],"platform_version":"eks.62","remote_network_config":[],"role_arn":"arn:aws:iam::681479472828:role/eks-sample-control-plane","status":"ACTIVE","storage_config":[],"tags":{},"tags_all":{},"timeouts":null,"upgrade_policy":[{"support_type":"EXTENDED"}],"version":"1.29","vpc_config":[{"cluster_security_group_id":"sg-0b98d8190fa02af29","endpoint_private_access":false,"endpoint_public_access":true,"public_access_cidrs":["0.0.0.0/0"],"security_group_ids":[],"subnet_ids":["subnet-029b1f86bcfb4fd45","subnet-0748c51bcd6e5d896","subnet-0a7e92892f7f3419b"],"vpc_id":"vpc-0f6568ed7e1034804"}],"zonal_shift_config":[]},"sensitive_attributes":[],"private":"eyJlMmJmYjczMC1lY2FhLTExZTYtOGY4OC0zNDM2M2JjN2M0YzAiOnsiY3JlYXRlIjoxODAwMDAwMDAwMDAwLCJkZWxldGUiOjkwMDAwMDAwMDAwMCwidXBkYXRlIjozNjAwMDAwMDAwMDAwfSwic2NoZW1hX3ZlcnNpb24iOiIwIn0=","dependencies":["module.cluster.aws_iam_role.cluster","module.cluster.aws_iam_role_policy_attachment.AmazonEKSClusterPolicy","module.cluster.data.aws_iam_policy_document.cluster_assume_role","module.cluster.data.aws_subnets.default","module.cluster.data.aws_vpc.default"]}]},{"module":"module.cluster","mode":"managed","type":"aws_eks_node_group","name":"nodes","provider":"provider[\"registry.opentofu.org/hashicorp/aws\"]","instances":[{"schema_version":0,"attributes":{"ami_type":"AL2_x86_64","arn":"arn:aws:eks:us-east-2:681479472828:nodegroup/eks-sample/eks-sample/60ce3732-707d-220e-695a-f1aaa97681b5","capacity_type":"ON_DEMAND","cluster_name":"eks-sample","disk_size":20,"force_update_version":null,"id":"eks-sample:eks-sample","instance_types":["t3.micro"],"labels":{},"launch_template":[],"node_group_name":"eks-sample","node_group_name_prefix":"","node_repair_config":[],"node_role_arn":"arn:aws:iam::681479472828:role/eks-sample-worker-nodes","release_version":"1.29.15-20251209","remote_access":[],"resources":[{"autoscaling_groups":[{"name":"eks-eks-sample-60ce3732-707d-220e-695a-f1aaa97681b5"}],"remote_access_security_group_id":""}],"scaling_config":[{"desired_size":3,"max_size":10,"min_size":1}],"status":"ACTIVE","subnet_ids":["subnet-029b1f86bcfb4fd45","subnet-0748c51bcd6e5d896","subnet-0a7e92892f7f3419b"],"tags":{},"tags_all":{},"taint":[],"timeouts":null,"update_config":[{"max_unavailable":1,"max_unavailable_percentage":0}],"version":"1.29"},"sensitive_attributes":[],"private":"eyJlMmJmYjczMC1lY2FhLTExZTYtOGY4OC0zNDM2M2JjN2M0YzAiOnsiY3JlYXRlIjozNjAwMDAwMDAwMDAwLCJkZWxldGUiOjM2MDAwMDAwMDAwMDAsInVwZGF0ZSI6MzYwMDAwMDAwMDAwMH0sInNjaGVtYV92ZXJzaW9uIjoiMCJ9","dependencies":["module.cluster.aws_eks_cluster.cluster","module.cluster.aws_iam_role.cluster","module.cluster.aws_iam_role.node_group","module.cluster.aws_iam_role_policy_attachment.AmazonEC2ContainerRegistryReadOnly","module.cluster.aws_iam_role_policy_attachment.AmazonEKSClusterPolicy","module.cluster.aws_iam_role_policy_attachment.AmazonEKSWorkerNodePolicy","module.cluster.aws_iam_role_policy_attachment.AmazonEKS_CNI_Policy","module.cluster.data.aws_iam_policy_document.cluster_assume_role","module.cluster.data.aws_iam_policy_document.node_assume_role","module.cluster.data.aws_subnets.default","module.cluster.data.aws_vpc.default"]}]},{"module":"module.cluster","mode":"managed","type":"aws_iam_role","name":"cluster","provider":"provider[\"registry.opentofu.org/hashicorp/aws\"]","instances":[{"schema_version":0,"attributes":{"arn":"arn:aws:iam::681479472828:role/eks-sample-control-plane","assume_role_policy":"{\"Statement\":[{\"Action\":\"sts:AssumeRole\",\"Effect\":\"Allow\",\"Principal\":{\"Service\":\"eks.amazonaws.com\"}}],\"Version\":\"2012-10-17\"}","create_date":"2026-02-18T00:41:13Z","description":"","force_detach_policies":false,"id":"eks-sample-control-plane","inline_policy":[],"managed_policy_arns":["arn:aws:iam::aws:policy/AmazonEKSClusterPolicy"],"max_session_duration":3600,"name":"eks-sample-control-plane","name_prefix":"","path":"/","permissions_boundary":"","tags":{},"tags_all":{},"unique_id":"AROAZ5K2XQ26M4AIMOQEY"},"sensitive_attributes":[],"private":"eyJzY2hlbWFfdmVyc2lvbiI6IjAifQ==","dependencies":["module.cluster.data.aws_iam_policy_document.cluster_assume_role"]}]},{"module":"module.cluster","mode":"managed","type":"aws_iam_role","name":"node_group","provider":"provider[\"registry.opentofu.org/hashicorp/aws\"]","instances":[{"schema_version":0,"attributes":{"arn":"arn:aws:iam::681479472828:role/eks-sample-worker-nodes","assume_role_policy":"{\"Statement\":[{\"Action\":\"sts:AssumeRole\",\"Effect\":\"Allow\",\"Principal\":{\"Service\":\"ec2.amazonaws.com\"}}],\"Version\":\"2012-10-17\"}","create_date":"2026-02-18T00:41:13Z","description":"","force_detach_policies":false,"id":"eks-sample-worker-nodes","inline_policy":[],"managed_policy_arns":["arn:aws:iam::aws:policy/AmazonEC2ContainerRegistryReadOnly","arn:aws:iam::aws:policy/AmazonEKSWorkerNodePolicy","arn:aws:iam::aws:policy/AmazonEKS_CNI_Policy"],"max_session_duration":3600,"name":"eks-sample-worker-nodes","name_prefix":"","path":"/","permissions_boundary":"","tags":{},"tags_all":{},"unique_id":"AROAZ5K2XQ26LXRGPFBDK"},"sensitive_attributes":[],"private":"eyJzY2hlbWFfdmVyc2lvbiI6IjAifQ==","dependencies":["module.cluster.data.aws_iam_policy_document.node_assume_role"]}]},{"module":"module.cluster","mode":"managed","type":"aws_iam_role_policy_attachment","name":"AmazonEC2ContainerRegistryReadOnly","provider":"provider[\"registry.opentofu.org/hashicorp/aws\"]","instances":[{"schema_version":0,"attributes":{"id":"eks-sample-worker-nodes-arn:aws:iam::aws:policy/AmazonEC2ContainerRegistryReadOnly","policy_arn":"arn:aws:iam::aws:policy/AmazonEC2ContainerRegistryReadOnly","role":"eks-sample-worker-nodes"},"sensitive_attributes":[],"private":"eyJzY2hlbWFfdmVyc2lvbiI6IjAifQ==","dependencies":["module.cluster.aws_iam_role.node_group","module.cluster.data.aws_iam_policy_document.node_assume_role"]}]},{"module":"module.cluster","mode":"managed","type":"aws_iam_role_policy_attachment","name":"AmazonEKSClusterPolicy","provider":"provider[\"registry.opentofu.org/hashicorp/aws\"]","instances":[{"schema_version":0,"attributes":{"id":"eks-sample-control-plane-arn:aws:iam::aws:policy/AmazonEKSClusterPolicy","policy_arn":"arn:aws:iam::aws:policy/AmazonEKSClusterPolicy","role":"eks-sample-control-plane"},"sensitive_attributes":[],"private":"eyJzY2hlbWFfdmVyc2lvbiI6IjAifQ==","dependencies":["module.cluster.aws_iam_role.cluster","module.cluster.data.aws_iam_policy_document.cluster_assume_role"]}]},{"module":"module.cluster","mode":"managed","type":"aws_iam_role_policy_attachment","name":"AmazonEKSWorkerNodePolicy","provider":"provider[\"registry.opentofu.org/hashicorp/aws\"]","instances":[{"schema_version":0,"attributes":{"id":"eks-sample-worker-nodes-arn:aws:iam::aws:policy/AmazonEKSWorkerNodePolicy","policy_arn":"arn:aws:iam::aws:policy/AmazonEKSWorkerNodePolicy","role":"eks-sample-worker-nodes"},"sensitive_attributes":[],"private":"eyJzY2hlbWFfdmVyc2lvbiI6IjAifQ==","dependencies":["module.cluster.aws_iam_role.node_group","module.cluster.data.aws_iam_policy_document.node_assume_role"]}]},{"module":"module.cluster","mode":"managed","type":"aws_iam_role_policy_attachment","name":"AmazonEKS_CNI_Policy","provider":"provider[\"registry.opentofu.org/hashicorp/aws\"]","instances":[{"schema_version":0,"attributes":{"id":"eks-sample-worker-nodes-arn:aws:iam::aws:policy/AmazonEKS_CNI_Policy","policy_arn":"arn:aws:iam::aws:policy/AmazonEKS_CNI_Policy","role":"eks-sample-worker-nodes"},"sensitive_attributes":[],"private":"eyJzY2hlbWFfdmVyc2lvbiI6IjAifQ==","dependencies":["module.cluster.aws_iam_role.node_group","module.cluster.data.aws_iam_policy_document.node_assume_role"]}]}],"check_results":null}
