{"version":4,"terraform_version":"1.11.3","serial":3,"lineage":"1b3910c3-858f-f569-f1bc-99baed2f1e18","outputs":{"registry_url":{"value":"681479472828.dkr.ecr.us-east-2.amazonaws.com/sample-app","type":"string"}},"resources":[{"module":"module.repo","mode":"managed","type":"aws_ecr_repository","name":"sample_app","provider":"provider[\"registry.opentofu.org/hashicorp/aws\"]","instances":[{"schema_version":0,"attributes":{"arn":"arn:aws:ecr:us-east-2:681479472828:repository/sample-app","encryption_configuration":[{"encryption_type":"AES256","kms_key":""}],"force_delete":true,"id":"sample-app","image_scanning_configuration":[{"scan_on_push":false}],"image_tag_mutability":"IMMUTABLE","name":"sample-app","registry_id":"681479472828","repository_url":"681479472828.dkr.ecr.us-east-2.amazonaws.com/sample-app","tags":{},"tags_all":{},"timeouts":null},"sensitive_attributes":[],"private":"eyJlMmJmYjczMC1lY2FhLTExZTYtOGY4OC0zNDM2M2JjN2M0YzAiOnsiZGVsZXRlIjoxMjAwMDAwMDAwMDAwfX0="}]}],"check_results":null}
