{"version":4,"terraform_version":"1.11.3","serial":3,"lineage":"7d5d3b2f-884b-ff45-b16c-bcbd8f396789","outputs":{"sample_app_1_instance_id":{"value":"i-04abcf108d4781018","type":"string"},"sample_app_1_public_ip":{"value":"18.216.1.159","type":"string"},"sample_app_2_instance_id":{"value":"i-0fa6c909dbb7f39df","type":"string"},"sample_app_2_public_ip":{"value":"13.58.139.98","type":"string"}},"resources":[{"module":"module.sample_app_1","mode":"data","type":"aws_ami","name":"sample_app","provider":"provider[\"registry.opentofu.org/hashicorp/aws\"]","instances":[{"schema_version":0,"attributes":{"architecture":"x86_64","arn":"arn:aws:ec2:us-east-2::image/ami-0e010d6a1f1418320","block_device_mappings":[{"device_name":"/dev/xvda","ebs":{"delete_on_termination":"true","encrypted":"false","iops":"3000","snapshot_id":"snap-03014e84aa3ef00a7","throughput":"125","volume_initialization_rate":"0","volume_size":"8","volume_type":"gp3"},"no_device":"","virtual_name":""}],"boot_mode":"uefi-preferred","creation_date":"2026-01-22T10:25:56.000Z","deprecation_time":"","description":"Amazon Linux 2023 AMI with a Node.js sample app.","ena_support":true,"executable_users":null,"filter":[{"name":"name","values":["sample-app-packer-*"]}],"hypervisor":"xen","id":"ami-0e010d6a1f1418320","image_id":"ami-0e010d6a1f1418320","image_location":"806525743135/sample-app-packer-9b927292-2ae6-4a9f-abd7-eae5832980ab","image_owner_alias":"","image_type":"machine","imds_support":"v2.0","include_deprecated":false,"kernel_id":"","last_launched_time":"2026-01-22T10:34:05Z","most_recent":true,"name":"sample-app-packer-9b927292-2ae6-4a9f-abd7-eae5832980ab","name_regex":null,"owner_id":"806525743135","owners":["self"],"platform":"","platform_details":"Linux/UNIX","product_codes":[],"public":false,"ramdisk_id":"","root_device_name":"/dev/xvda","root_device_type":"ebs","root_snapshot_id":"snap-03014e84aa3ef00a7","sriov_net_support":"simple","state":"available","state_reason":{"code":"UNSET","message":"UNSET"},"tags":{},"timeouts":null,"tpm_support":"","uefi_data":null,"usage_operation":"RunInstances","virtualization_type":"hvm"},"sensitive_attributes":[]}]},{"module":"module.sample_app_1","mode":"managed","type":"aws_instance","name":"sample_app","provider":"provider[\"registry.opentofu.org/hashicorp/aws\"]","instances":[{"schema_version":1,"attributes":{"ami":"ami-0e010d6a1f1418320","arn":"arn:aws:ec2:us-east-2:806525743135:instance/i-04abcf108d4781018","associate_public_ip_address":true,"availability_zone":"us-east-2c","capacity_reservation_specification":[{"capacity_reservation_preference":"open","capacity_reservation_target":[]}],"cpu_core_count":1,"cpu_options":[{"amd_sev_snp":"","core_count":1,"threads_per_core":2}],"cpu_threads_per_core":2,"credit_specification":[{"cpu_credits":"unlimited"}],"disable_api_stop":false,"disable_api_termination":false,"ebs_block_device":[],"ebs_optimized":false,"enable_primary_ipv6":null,"enclave_options":[{"enabled":false}],"ephemeral_block_device":[],"get_password_data":false,"hibernation":false,"host_id":"","host_resource_group_arn":null,"iam_instance_profile":"","id":"i-04abcf108d4781018","instance_initiated_shutdown_behavior":"stop","instance_lifecycle":"","instance_market_options":[],"instance_state":"running","instance_type":"t3.micro","ipv6_address_count":0,"ipv6_addresses":[],"key_name":"","launch_template":[],"maintenance_options":[{"auto_recovery":"default"}],"metadata_options":[{"http_endpoint":"enabled","http_protocol_ipv6":"disabled","http_put_response_hop_limit":2,"http_tokens":"required","instance_metadata_tags":"disabled"}],"monitoring":false,"network_interface":[],"outpost_arn":"","password_data":"","placement_group":"","placement_partition_number":0,"primary_network_interface_id":"eni-0c6044236585f7057","private_dns":"ip-172-31-35-208.us-east-2.compute.internal","private_dns_name_options":[{"enable_resource_name_dns_a_record":false,"enable_resource_name_dns_aaaa_record":false,"hostname_type":"ip-name"}],"private_ip":"172.31.35.208","public_dns":"ec2-18-216-1-159.us-east-2.compute.amazonaws.com","public_ip":"18.216.1.159","root_block_device":[{"delete_on_termination":true,"device_name":"/dev/xvda","encrypted":false,"iops":3000,"kms_key_id":"","tags":{},"tags_all":{},"throughput":125,"volume_id":"vol-0daa396b89720b907","volume_size":8,"volume_type":"gp3"}],"secondary_private_ips":[],"security_groups":["sample-app-tofu-1"],"source_dest_check":true,"spot_instance_request_id":"","subnet_id":"subnet-06601d75d6a06ddaa","tags":{"Name":"sample-app-tofu-1"},"tags_all":{"Name":"sample-app-tofu-1"},"tenancy":"default","timeouts":null,"user_data":"33483c1a13abd4e034532f2451fcc8285cceb789","user_data_base64":null,"user_data_replace_on_change":false,"volume_tags":null,"vpc_security_group_ids":["sg-014298942e11a42ac"]},"sensitive_attributes":[],"private":"eyJlMmJmYjczMC1lY2FhLTExZTYtOGY4OC0zNDM2M2JjN2M0YzAiOnsiY3JlYXRlIjo2MDAwMDAwMDAwMDAsImRlbGV0ZSI6MTIwMDAwMDAwMDAwMCwicmVhZCI6OTAwMDAwMDAwMDAwLCJ1cGRhdGUiOjYwMDAwMDAwMDAwMH0sInNjaGVtYV92ZXJzaW9uIjoiMSJ9","dependencies":["module.sample_app_1.aws_security_group.sample_app","module.sample_app_1.data.aws_ami.sample_app"]}]},{"module":"module.sample_app_1","mode":"managed","type":"aws_security_group","name":"sample_app","provider":"provider[\"registry.opentofu.org/hashicorp/aws\"]","instances":[{"schema_version":1,"attributes":{"arn":"arn:aws:ec2:us-east-2:806525743135:security-group/sg-014298942e11a42ac","description":"Allow HTTP traffic into sample-app-tofu-1","egress":[],"id":"sg-014298942e11a42ac","ingress":[{"cidr_blocks":["0.0.0.0/0"],"description":"","from_port":8080,"ipv6_cidr_blocks":[],"prefix_list_ids":[],"protocol":"tcp","security_groups":[],"self":false,"to_port":8080}],"name":"sample-app-tofu-1","name_prefix":"","owner_id":"806525743135","revoke_rules_on_delete":false,"tags":{},"tags_all":{},"timeouts":null,"vpc_id":"vpc-0249d508c3620faf5"},"sensitive_attributes":[],"private":"eyJlMmJmYjczMC1lY2FhLTExZTYtOGY4OC0zNDM2M2JjN2M0YzAiOnsiY3JlYXRlIjo2MDAwMDAwMDAwMDAsImRlbGV0ZSI6OTAwMDAwMDAwMDAwfSwic2NoZW1hX3ZlcnNpb24iOiIxIn0="}]},{"module":"module.sample_app_1","mode":"managed","type":"aws_security_group_rule","name":"allow_http_inbound","provider":"provider[\"registry.opentofu.org/hashicorp/aws\"]","instances":[{"schema_version":2,"attributes":{"cidr_blocks":["0.0.0.0/0"],"description":null,"from_port":8080,"id":"sgrule-854426292","ipv6_cidr_blocks":null,"prefix_list_ids":null,"protocol":"tcp","security_group_id":"sg-014298942e11a42ac","security_group_rule_id":"sgr-06eed006bd8b1c229","self":false,"source_security_group_id":null,"timeouts":null,"to_port":8080,"type":"ingress"},"sensitive_attributes":[],"private":"eyJlMmJmYjczMC1lY2FhLTExZTYtOGY4OC0zNDM2M2JjN2M0YzAiOnsiY3JlYXRlIjozMDAwMDAwMDAwMDB9LCJzY2hlbWFfdmVyc2lvbiI6IjIifQ==","dependencies":["module.sample_app_1.aws_security_group.sample_app"]}]},{"module":"module.sample_app_2","mode":"data","type":"aws_ami","name":"sample_app","provider":"provider[\"registry.opentofu.org/hashicorp/aws\"]","instances":[{"schema_version":0,"attributes":{"architecture":"x86_64","arn":"arn:aws:ec2:us-east-2::image/ami-0e010d6a1f1418320","block_device_mappings":[{"device_name":"/dev/xvda","ebs":{"delete_on_termination":"true","encrypted":"false","iops":"3000","snapshot_id":"snap-03014e84aa3ef00a7","throughput":"125","volume_initialization_rate":"0","volume_size":"8","volume_type":"gp3"},"no_device":"","virtual_name":""}],"boot_mode":"uefi-preferred","creation_date":"2026-01-22T10:25:56.000Z","deprecation_time":"","description":"Amazon Linux 2023 AMI with a Node.js sample app.","ena_support":true,"executable_users":null,"filter":[{"name":"name","values":["sample-app-packer-*"]}],"hypervisor":"xen","id":"ami-0e010d6a1f1418320","image_id":"ami-0e010d6a1f1418320","image_location":"806525743135/sample-app-packer-9b927292-2ae6-4a9f-abd7-eae5832980ab","image_owner_alias":"","image_type":"machine","imds_support":"v2.0","include_deprecated":false,"kernel_id":"","last_launched_time":"2026-01-22T10:34:05Z","most_recent":true,"name":"sample-app-packer-9b927292-2ae6-4a9f-abd7-eae5832980ab","name_regex":null,"owner_id":"806525743135","owners":["self"],"platform":"","platform_details":"Linux/UNIX","product_codes":[],"public":false,"ramdisk_id":"","root_device_name":"/dev/xvda","root_device_type":"ebs","root_snapshot_id":"snap-03014e84aa3ef00a7","sriov_net_support":"simple","state":"available","state_reason":{"code":"UNSET","message":"UNSET"},"tags":{},"timeouts":null,"tpm_support":"","uefi_data":null,"usage_operation":"RunInstances","virtualization_type":"hvm"},"sensitive_attributes":[]}]},{"module":"module.sample_app_2","mode":"managed","type":"aws_instance","name":"sample_app","provider":"provider[\"registry.opentofu.org/hashicorp/aws\"]","instances":[{"schema_version":1,"attributes":{"ami":"ami-0e010d6a1f1418320","arn":"arn:aws:ec2:us-east-2:806525743135:instance/i-0fa6c909dbb7f39df","associate_public_ip_address":true,"availability_zone":"us-east-2c","capacity_reservation_specification":[{"capacity_reservation_preference":"open","capacity_reservation_target":[]}],"cpu_core_count":1,"cpu_options":[{"amd_sev_snp":"","core_count":1,"threads_per_core":2}],"cpu_threads_per_core":2,"credit_specification":[{"cpu_credits":"unlimited"}],"disable_api_stop":false,"disable_api_termination":false,"ebs_block_device":[],"ebs_optimized":false,"enable_primary_ipv6":null,"enclave_options":[{"enabled":false}],"ephemeral_block_device":[],"get_password_data":false,"hibernation":false,"host_id":"","host_resource_group_arn":null,"iam_instance_profile":"","id":"i-0fa6c909dbb7f39df","instance_initiated_shutdown_behavior":"stop","instance_lifecycle":"","instance_market_options":[],"instance_state":"running","instance_type":"t3.micro","ipv6_address_count":0,"ipv6_addresses":[],"key_name":"","launch_template":[],"maintenance_options":[{"auto_recovery":"default"}],"metadata_options":[{"http_endpoint":"enabled","http_protocol_ipv6":"disabled","http_put_response_hop_limit":2,"http_tokens":"required","instance_metadata_tags":"disabled"}],"monitoring":false,"network_interface":[],"outpost_arn":"","password_data":"","placement_group":"","placement_partition_number":0,"primary_network_interface_id":"eni-05cf25261fa11e68a","private_dns":"ip-172-31-32-161.us-east-2.compute.internal","private_dns_name_options":[{"enable_resource_name_dns_a_record":false,"enable_resource_name_dns_aaaa_record":false,"hostname_type":"ip-name"}],"private_ip":"172.31.32.161","public_dns":"ec2-13-58-139-98.us-east-2.compute.amazonaws.com","public_ip":"13.58.139.98","root_block_device":[{"delete_on_termination":true,"device_name":"/dev/xvda","encrypted":false,"iops":3000,"kms_key_id":"","tags":{},"tags_all":{},"throughput":125,"volume_id":"vol-0ae6cde3fec5c6ed8","volume_size":8,"volume_type":"gp3"}],"secondary_private_ips":[],"security_groups":["sample-app-tofu-2"],"source_dest_check":true,"spot_instance_request_id":"","subnet_id":"subnet-06601d75d6a06ddaa","tags":{"Name":"sample-app-tofu-2"},"tags_all":{"Name":"sample-app-tofu-2"},"tenancy":"default","timeouts":null,"user_data":"33483c1a13abd4e034532f2451fcc8285cceb789","user_data_base64":null,"user_data_replace_on_change":false,"volume_tags":null,"vpc_security_group_ids":["sg-0027578ab62212680"]},"sensitive_attributes":[],"private":"eyJlMmJmYjczMC1lY2FhLTExZTYtOGY4OC0zNDM2M2JjN2M0YzAiOnsiY3JlYXRlIjo2MDAwMDAwMDAwMDAsImRlbGV0ZSI6MTIwMDAwMDAwMDAwMCwicmVhZCI6OTAwMDAwMDAwMDAwLCJ1cGRhdGUiOjYwMDAwMDAwMDAwMH0sInNjaGVtYV92ZXJzaW9uIjoiMSJ9","dependencies":["module.sample_app_2.aws_security_group.sample_app","module.sample_app_2.data.aws_ami.sample_app"]}]},{"module":"module.sample_app_2","mode":"managed","type":"aws_security_group","name":"sample_app","provider":"provider[\"registry.opentofu.org/hashicorp/aws\"]","instances":[{"schema_version":1,"attributes":{"arn":"arn:aws:ec2:us-east-2:806525743135:security-group/sg-0027578ab62212680","description":"Allow HTTP traffic into sample-app-tofu-2","egress":[],"id":"sg-0027578ab62212680","ingress":[{"cidr_blocks":["0.0.0.0/0"],"description":"","from_port":8080,"ipv6_cidr_blocks":[],"prefix_list_ids":[],"protocol":"tcp","security_groups":[],"self":false,"to_port":8080}],"name":"sample-app-tofu-2","name_prefix":"","owner_id":"806525743135","revoke_rules_on_delete":false,"tags":{},"tags_all":{},"timeouts":null,"vpc_id":"vpc-0249d508c3620faf5"},"sensitive_attributes":[],"private":"eyJlMmJmYjczMC1lY2FhLTExZTYtOGY4OC0zNDM2M2JjN2M0YzAiOnsiY3JlYXRlIjo2MDAwMDAwMDAwMDAsImRlbGV0ZSI6OTAwMDAwMDAwMDAwfSwic2NoZW1hX3ZlcnNpb24iOiIxIn0="}]},{"module":"module.sample_app_2","mode":"managed","type":"aws_security_group_rule","name":"allow_http_inbound","provider":"provider[\"registry.opentofu.org/hashicorp/aws\"]","instances":[{"schema_version":2,"attributes":{"cidr_blocks":["0.0.0.0/0"],"description":null,"from_port":8080,"id":"sgrule-333718269","ipv6_cidr_blocks":null,"prefix_list_ids":null,"protocol":"tcp","security_group_id":"sg-0027578ab62212680","security_group_rule_id":"sgr-0922c4b1c3c30a763","self":false,"source_security_group_id":null,"timeouts":null,"to_port":8080,"type":"ingress"},"sensitive_attributes":[],"private":"eyJlMmJmYjczMC1lY2FhLTExZTYtOGY4OC0zNDM2M2JjN2M0YzAiOnsiY3JlYXRlIjozMDAwMDAwMDAwMDB9LCJzY2hlbWFfdmVyc2lvbiI6IjIifQ==","dependencies":["module.sample_app_2.aws_security_group.sample_app"]}]},{"module":"module.vpc","mode":"managed","type":"aws_default_network_acl","name":"this","provider":"provider[\"registry.opentofu.org/hashicorp/aws\"]","instances":[{"index_key":0,"schema_version":0,"attributes":{"arn":"arn:aws:ec2:us-east-2:806525743135:network-acl/acl-049b96eb84c5e6194","default_network_acl_id":"acl-049b96eb84c5e6194","egress":[{"action":"allow","cidr_block":"","from_port":0,"icmp_code":null,"icmp_type":null,"ipv6_cidr_block":"::/0","protocol":"-1","rule_no":101,"to_port":0},{"action":"allow","cidr_block":"0.0.0.0/0","from_port":0,"icmp_code":null,"icmp_type":null,"ipv6_cidr_block":"","protocol":"-1","rule_no":100,"to_port":0}],"id":"acl-049b96eb84c5e6194","ingress":[{"action":"allow","cidr_block":"","from_port":0,"icmp_code":null,"icmp_type":null,"ipv6_cidr_block":"::/0","protocol":"-1","rule_no":101,"to_port":0},{"action":"allow","cidr_block":"0.0.0.0/0","from_port":0,"icmp_code":null,"icmp_type":null,"ipv6_cidr_block":"","protocol":"-1","rule_no":100,"to_port":0}],"owner_id":"806525743135","subnet_ids":["subnet-018329750f0a207bd","subnet-01df6f3435ec1be13","subnet-071e8da9c876b9393","subnet-0724467be116239a3","subnet-0d1f608b5f14950e6","subnet-0f7d108099ade8468"],"tags":{"Name":"my-vpc-default"},"tags_all":{"Name":"my-vpc-default"},"vpc_id":"vpc-0e97c32301600e83d"},"sensitive_attributes":[],"private":"bnVsbA==","dependencies":["module.vpc.aws_vpc.this"]}]},{"module":"module.vpc","mode":"managed","type":"aws_default_route_table","name":"default","provider":"provider[\"registry.opentofu.org/hashicorp/aws\"]","instances":[{"index_key":0,"schema_version":0,"attributes":{"arn":"arn:aws:ec2:us-east-2:806525743135:route-table/rtb-0fba63506ee5c3c14","default_route_table_id":"rtb-0fba63506ee5c3c14","id":"rtb-0fba63506ee5c3c14","owner_id":"806525743135","propagating_vgws":null,"route":[],"tags":{"Name":"my-vpc-default"},"tags_all":{"Name":"my-vpc-default"},"timeouts":{"create":"5m","update":"5m"},"vpc_id":"vpc-0e97c32301600e83d"},"sensitive_attributes":[],"private":"eyJlMmJmYjczMC1lY2FhLTExZTYtOGY4OC0zNDM2M2JjN2M0YzAiOnsiY3JlYXRlIjozMDAwMDAwMDAwMDAsInVwZGF0ZSI6MzAwMDAwMDAwMDAwfX0=","dependencies":["module.vpc.aws_vpc.this"]}]},{"module":"module.vpc","mode":"managed","type":"aws_default_security_group","name":"this","provider":"provider[\"registry.opentofu.org/hashicorp/aws\"]","instances":[{"index_key":0,"schema_version":1,"attributes":{"arn":"arn:aws:ec2:us-east-2:806525743135:security-group/sg-070dc59caa86c09ec","description":"default VPC security group","egress":[],"id":"sg-070dc59caa86c09ec","ingress":[],"name":"default","name_prefix":"","owner_id":"806525743135","revoke_rules_on_delete":false,"tags":{"Name":"my-vpc-default"},"tags_all":{"Name":"my-vpc-default"},"vpc_id":"vpc-0e97c32301600e83d"},"sensitive_attributes":[],"private":"eyJzY2hlbWFfdmVyc2lvbiI6IjEifQ==","dependencies":["module.vpc.aws_vpc.this"]}]},{"module":"module.vpc","mode":"managed","type":"aws_eip","name":"nat","provider":"provider[\"registry.opentofu.org/hashicorp/aws\"]","instances":[{"index_key":0,"schema_version":0,"attributes":{"address":null,"allocation_id":"eipalloc-0241d18576f3c601e","arn":"arn:aws:ec2:us-east-2:806525743135:elastic-ip/eipalloc-0241d18576f3c601e","associate_with_private_ip":null,"association_id":"","carrier_ip":"","customer_owned_ip":"","customer_owned_ipv4_pool":"","domain":"vpc","id":"eipalloc-0241d18576f3c601e","instance":"","ipam_pool_id":null,"network_border_group":"us-east-2","network_interface":"","private_dns":null,"private_ip":"","ptr_record":"","public_dns":"ec2-3-138-163-181.us-east-2.compute.amazonaws.com","public_ip":"3.138.163.181","public_ipv4_pool":"amazon","tags":{"Name":"my-vpc-us-east-2a"},"tags_all":{"Name":"my-vpc-us-east-2a"},"timeouts":null,"vpc":true},"sensitive_attributes":[],"private":"eyJlMmJmYjczMC1lY2FhLTExZTYtOGY4OC0zNDM2M2JjN2M0YzAiOnsiZGVsZXRlIjoxODAwMDAwMDAwMDAsInJlYWQiOjkwMDAwMDAwMDAwMCwidXBkYXRlIjozMDAwMDAwMDAwMDB9fQ=="}]},{"module":"module.vpc","mode":"managed","type":"aws_internet_gateway","name":"this","provider":"provider[\"registry.opentofu.org/hashicorp/aws\"]","instances":[{"index_key":0,"schema_version":0,"attributes":{"arn":"arn:aws:ec2:us-east-2:806525743135:internet-gateway/igw-03b7e23712959e2d6","id":"igw-03b7e23712959e2d6","owner_id":"806525743135","tags":{"Name":"my-vpc"},"tags_all":{"Name":"my-vpc"},"timeouts":null,"vpc_id":"vpc-0e97c32301600e83d"},"sensitive_attributes":[],"private":"eyJlMmJmYjczMC1lY2FhLTExZTYtOGY4OC0zNDM2M2JjN2M0YzAiOnsiY3JlYXRlIjoxMjAwMDAwMDAwMDAwLCJkZWxldGUiOjEyMDAwMDAwMDAwMDAsInVwZGF0ZSI6MTIwMDAwMDAwMDAwMH19","dependencies":["module.vpc.aws_vpc.this","module.vpc.aws_vpc_ipv4_cidr_block_association.this"]}]},{"module":"module.vpc","mode":"managed","type":"aws_nat_gateway","name":"this","provider":"provider[\"registry.opentofu.org/hashicorp/aws\"]","instances":[{"index_key":0,"schema_version":0,"attributes":{"allocation_id":"eipalloc-0241d18576f3c601e","association_id":"eipassoc-0ccb0efa9d6f8e7b3","connectivity_type":"public","id":"nat-06e49c59b6487afe9","network_interface_id":"eni-0d82d947ea63b2525","private_ip":"10.0.1.143","public_ip":"3.138.163.181","secondary_allocation_ids":null,"secondary_private_ip_address_count":0,"secondary_private_ip_addresses":[],"subnet_id":"subnet-01df6f3435ec1be13","tags":{"Name":"my-vpc-us-east-2a"},"tags_all":{"Name":"my-vpc-us-east-2a"},"timeouts":null},"sensitive_attributes":[],"private":"eyJlMmJmYjczMC1lY2FhLTExZTYtOGY4OC0zNDM2M2JjN2M0YzAiOnsiY3JlYXRlIjo2MDAwMDAwMDAwMDAsImRlbGV0ZSI6MTgwMDAwMDAwMDAwMCwidXBkYXRlIjo2MDAwMDAwMDAwMDB9fQ==","dependencies":["module.vpc.aws_eip.nat","module.vpc.aws_internet_gateway.this","module.vpc.aws_subnet.public","module.vpc.aws_vpc.this","module.vpc.aws_vpc_ipv4_cidr_block_association.this"]}]},{"module":"module.vpc","mode":"managed","type":"aws_route","name":"private_nat_gateway","provider":"provider[\"registry.opentofu.org/hashicorp/aws\"]","instances":[{"index_key":0,"schema_version":0,"attributes":{"carrier_gateway_id":"","core_network_arn":"","destination_cidr_block":"0.0.0.0/0","destination_ipv6_cidr_block":"","destination_prefix_list_id":"","egress_only_gateway_id":"","gateway_id":"","id":"r-rtb-042a093555c20711b1080289494","instance_id":"","instance_owner_id":"","local_gateway_id":"","nat_gateway_id":"nat-06e49c59b6487afe9","network_interface_id":"","origin":"CreateRoute","route_table_id":"rtb-042a093555c20711b","state":"active","timeouts":{"create":"5m","delete":null,"update":null},"transit_gateway_id":"","vpc_endpoint_id":"","vpc_peering_connection_id":""},"sensitive_attributes":[],"private":"eyJlMmJmYjczMC1lY2FhLTExZTYtOGY4OC0zNDM2M2JjN2M0YzAiOnsiY3JlYXRlIjozMDAwMDAwMDAwMDAsImRlbGV0ZSI6MzAwMDAwMDAwMDAwLCJ1cGRhdGUiOjEyMDAwMDAwMDAwMH19","dependencies":["module.vpc.aws_eip.nat","module.vpc.aws_internet_gateway.this","module.vpc.aws_nat_gateway.this","module.vpc.aws_route_table.private","module.vpc.aws_subnet.public","module.vpc.aws_vpc.this","module.vpc.aws_vpc_ipv4_cidr_block_association.this"]}]},{"module":"module.vpc","mode":"managed","type":"aws_route","name":"public_internet_gateway","provider":"provider[\"registry.opentofu.org/hashicorp/aws\"]","instances":[{"index_key":0,"schema_version":0,"attributes":{"carrier_gateway_id":"","core_network_arn":"","destination_cidr_block":"0.0.0.0/0","destination_ipv6_cidr_block":"","destination_prefix_list_id":"","egress_only_gateway_id":"","gateway_id":"igw-03b7e23712959e2d6","id":"r-rtb-011fe866fb901ba8f1080289494","instance_id":"","instance_owner_id":"","local_gateway_id":"","nat_gateway_id":"","network_interface_id":"","origin":"CreateRoute","route_table_id":"rtb-011fe866fb901ba8f","state":"active","timeouts":{"create":"5m","delete":null,"update":null},"transit_gateway_id":"","vpc_endpoint_id":"","vpc_peering_connection_id":""},"sensitive_attributes":[],"private":"eyJlMmJmYjczMC1lY2FhLTExZTYtOGY4OC0zNDM2M2JjN2M0YzAiOnsiY3JlYXRlIjozMDAwMDAwMDAwMDAsImRlbGV0ZSI6MzAwMDAwMDAwMDAwLCJ1cGRhdGUiOjEyMDAwMDAwMDAwMH19","dependencies":["module.vpc.aws_internet_gateway.this","module.vpc.aws_route_table.public","module.vpc.aws_vpc.this","module.vpc.aws_vpc_ipv4_cidr_block_association.this"]}]},{"module":"module.vpc","mode":"managed","type":"aws_route_table","name":"private","provider":"provider[\"registry.opentofu.org/hashicorp/aws\"]","instances":[{"index_key":0,"schema_version":0,"attributes":{"arn":"arn:aws:ec2:us-east-2:806525743135:route-table/rtb-042a093555c20711b","id":"rtb-042a093555c20711b","owner_id":"806525743135","propagating_vgws":[],"route":[],"tags":{"Name":"my-vpc-private"},"tags_all":{"Name":"my-vpc-private"},"timeouts":null,"vpc_id":"vpc-0e97c32301600e83d"},"sensitive_attributes":[],"private":"eyJlMmJmYjczMC1lY2FhLTExZTYtOGY4OC0zNDM2M2JjN2M0YzAiOnsiY3JlYXRlIjozMDAwMDAwMDAwMDAsImRlbGV0ZSI6MzAwMDAwMDAwMDAwLCJ1cGRhdGUiOjEyMDAwMDAwMDAwMH19","dependencies":["module.vpc.aws_vpc.this","module.vpc.aws_vpc_ipv4_cidr_block_association.this"]}]},{"module":"module.vpc","mode":"managed","type":"aws_route_table","name":"public","provider":"provider[\"registry.opentofu.org/hashicorp/aws\"]","instances":[{"index_key":0,"schema_version":0,"attributes":{"arn":"arn:aws:ec2:us-east-2:806525743135:route-table/rtb-011fe866fb901ba8f","id":"rtb-011fe866fb901ba8f","owner_id":"806525743135","propagating_vgws":[],"route":[],"tags":{"Name":"my-vpc-public"},"tags_all":{"Name":"my-vpc-public"},"timeouts":null,"vpc_id":"vpc-0e97c32301600e83d"},"sensitive_attributes":[],"private":"eyJlMmJmYjczMC1lY2FhLTExZTYtOGY4OC0zNDM2M2JjN2M0YzAiOnsiY3JlYXRlIjozMDAwMDAwMDAwMDAsImRlbGV0ZSI6MzAwMDAwMDAwMDAwLCJ1cGRhdGUiOjEyMDAwMDAwMDAwMH19","dependencies":["module.vpc.aws_vpc.this","module.vpc.aws_vpc_ipv4_cidr_block_association.this"]}]},{"module":"module.vpc","mode":"managed","type":"aws_route_table_association","name":"private","provider":"provider[\"registry.opentofu.org/hashicorp/aws\"]","instances":[{"index_key":0,"schema_version":0,"attributes":{"gateway_id":"","id":"rtbassoc-07ac03d7cdd4e0035","route_table_id":"rtb-042a093555c20711b","subnet_id":"subnet-0724467be116239a3","timeouts":null},"sensitive_attributes":[],"private":"eyJlMmJmYjczMC1lY2FhLTExZTYtOGY4OC0zNDM2M2JjN2M0YzAiOnsiY3JlYXRlIjozMDAwMDAwMDAwMDAsImRlbGV0ZSI6MzAwMDAwMDAwMDAwLCJ1cGRhdGUiOjEyMDAwMDAwMDAwMH19","dependencies":["module.vpc.aws_route_table.private","module.vpc.aws_subnet.private","module.vpc.aws_vpc.this","module.vpc.aws_vpc_ipv4_cidr_block_association.this"]},{"index_key":1,"schema_version":0,"attributes":{"gateway_id":"","id":"rtbassoc-016cf55c477164ed8","route_table_id":"rtb-042a093555c20711b","subnet_id":"subnet-0d1f608b5f14950e6","timeouts":null},"sensitive_attributes":[],"private":"eyJlMmJmYjczMC1lY2FhLTExZTYtOGY4OC0zNDM2M2JjN2M0YzAiOnsiY3JlYXRlIjozMDAwMDAwMDAwMDAsImRlbGV0ZSI6MzAwMDAwMDAwMDAwLCJ1cGRhdGUiOjEyMDAwMDAwMDAwMH19","dependencies":["module.vpc.aws_route_table.private","module.vpc.aws_subnet.private","module.vpc.aws_vpc.this","module.vpc.aws_vpc_ipv4_cidr_block_association.this"]},{"index_key":2,"schema_version":0,"attributes":{"gateway_id":"","id":"rtbassoc-063c6a6500f62e5d6","route_table_id":"rtb-042a093555c20711b","subnet_id":"subnet-071e8da9c876b9393","timeouts":null},"sensitive_attributes":[],"private":"eyJlMmJmYjczMC1lY2FhLTExZTYtOGY4OC0zNDM2M2JjN2M0YzAiOnsiY3JlYXRlIjozMDAwMDAwMDAwMDAsImRlbGV0ZSI6MzAwMDAwMDAwMDAwLCJ1cGRhdGUiOjEyMDAwMDAwMDAwMH19","dependencies":["module.vpc.aws_route_table.private","module.vpc.aws_subnet.private","module.vpc.aws_vpc.this","module.vpc.aws_vpc_ipv4_cidr_block_association.this"]}]},{"module":"module.vpc","mode":"managed","type":"aws_route_table_association","name":"public","provider":"provider[\"registry.opentofu.org/hashicorp/aws\"]","instances":[{"index_key":0,"schema_version":0,"attributes":{"gateway_id":"","id":"rtbassoc-0fe5962a723916c88","route_table_id":"rtb-011fe866fb901ba8f","subnet_id":"subnet-01df6f3435ec1be13","timeouts":null},"sensitive_attributes":[],"private":"eyJlMmJmYjczMC1lY2FhLTExZTYtOGY4OC0zNDM2M2JjN2M0YzAiOnsiY3JlYXRlIjozMDAwMDAwMDAwMDAsImRlbGV0ZSI6MzAwMDAwMDAwMDAwLCJ1cGRhdGUiOjEyMDAwMDAwMDAwMH19","dependencies":["module.vpc.aws_route_table.public","module.vpc.aws_subnet.public","module.vpc.aws_vpc.this","module.vpc.aws_vpc_ipv4_cidr_block_association.this"]},{"index_key":1,"schema_version":0,"attributes":{"gateway_id":"","id":"rtbassoc-02f612d95f52367f5","route_table_id":"rtb-011fe866fb901ba8f","subnet_id":"subnet-0f7d108099ade8468","timeouts":null},"sensitive_attributes":[],"private":"eyJlMmJmYjczMC1lY2FhLTExZTYtOGY4OC0zNDM2M2JjN2M0YzAiOnsiY3JlYXRlIjozMDAwMDAwMDAwMDAsImRlbGV0ZSI6MzAwMDAwMDAwMDAwLCJ1cGRhdGUiOjEyMDAwMDAwMDAwMH19","dependencies":["module.vpc.aws_route_table.public","module.vpc.aws_subnet.public","module.vpc.aws_vpc.this","module.vpc.aws_vpc_ipv4_cidr_block_association.this"]},{"index_key":2,"schema_version":0,"attributes":{"gateway_id":"","id":"rtbassoc-040c411072aa57f7a","route_table_id":"rtb-011fe866fb901ba8f","subnet_id":"subnet-018329750f0a207bd","timeouts":null},"sensitive_attributes":[],"private":"eyJlMmJmYjczMC1lY2FhLTExZTYtOGY4OC0zNDM2M2JjN2M0YzAiOnsiY3JlYXRlIjozMDAwMDAwMDAwMDAsImRlbGV0ZSI6MzAwMDAwMDAwMDAwLCJ1cGRhdGUiOjEyMDAwMDAwMDAwMH19","dependencies":["module.vpc.aws_route_table.public","module.vpc.aws_subnet.public","module.vpc.aws_vpc.this","module.vpc.aws_vpc_ipv4_cidr_block_association.this"]}]},{"module":"module.vpc","mode":"managed","type":"aws_subnet","name":"private","provider":"provider[\"registry.opentofu.org/hashicorp/aws\"]","instances":[{"index_key":0,"schema_version":1,"attributes":{"arn":"arn:aws:ec2:us-east-2:806525743135:subnet/subnet-0724467be116239a3","assign_ipv6_address_on_creation":false,"availability_zone":"us-east-2a","availability_zone_id":"use2-az1","cidr_block":"10.0.11.0/24","customer_owned_ipv4_pool":"","enable_dns64":false,"enable_lni_at_device_index":0,"enable_resource_name_dns_a_record_on_launch":false,"enable_resource_name_dns_aaaa_record_on_launch":false,"id":"subnet-0724467be116239a3","ipv6_cidr_block":"","ipv6_cidr_block_association_id":"","ipv6_native":false,"map_customer_owned_ip_on_launch":false,"map_public_ip_on_launch":false,"outpost_arn":"","owner_id":"806525743135","private_dns_hostname_type_on_launch":"ip-name","tags":{"Name":"my-vpc-private-us-east-2a"},"tags_all":{"Name":"my-vpc-private-us-east-2a"},"timeouts":null,"vpc_id":"vpc-0e97c32301600e83d"},"sensitive_attributes":[],"private":"eyJlMmJmYjczMC1lY2FhLTExZTYtOGY4OC0zNDM2M2JjN2M0YzAiOnsiY3JlYXRlIjo2MDAwMDAwMDAwMDAsImRlbGV0ZSI6MTIwMDAwMDAwMDAwMH0sInNjaGVtYV92ZXJzaW9uIjoiMSJ9","dependencies":["module.vpc.aws_vpc.this","module.vpc.aws_vpc_ipv4_cidr_block_association.this"]},{"index_key":1,"schema_version":1,"attributes":{"arn":"arn:aws:ec2:us-east-2:806525743135:subnet/subnet-0d1f608b5f14950e6","assign_ipv6_address_on_creation":false,"availability_zone":"us-east-2b","availability_zone_id":"use2-az2","cidr_block":"10.0.12.0/24","customer_owned_ipv4_pool":"","enable_dns64":false,"enable_lni_at_device_index":0,"enable_resource_name_dns_a_record_on_launch":false,"enable_resource_name_dns_aaaa_record_on_launch":false,"id":"subnet-0d1f608b5f14950e6","ipv6_cidr_block":"","ipv6_cidr_block_association_id":"","ipv6_native":false,"map_customer_owned_ip_on_launch":false,"map_public_ip_on_launch":false,"outpost_arn":"","owner_id":"806525743135","private_dns_hostname_type_on_launch":"ip-name","tags":{"Name":"my-vpc-private-us-east-2b"},"tags_all":{"Name":"my-vpc-private-us-east-2b"},"timeouts":null,"vpc_id":"vpc-0e97c32301600e83d"},"sensitive_attributes":[],"private":"eyJlMmJmYjczMC1lY2FhLTExZTYtOGY4OC0zNDM2M2JjN2M0YzAiOnsiY3JlYXRlIjo2MDAwMDAwMDAwMDAsImRlbGV0ZSI6MTIwMDAwMDAwMDAwMH0sInNjaGVtYV92ZXJzaW9uIjoiMSJ9","dependencies":["module.vpc.aws_vpc.this","module.vpc.aws_vpc_ipv4_cidr_block_association.this"]},{"index_key":2,"schema_version":1,"attributes":{"arn":"arn:aws:ec2:us-east-2:806525743135:subnet/subnet-071e8da9c876b9393","assign_ipv6_address_on_creation":false,"availability_zone":"us-east-2c","availability_zone_id":"use2-az3","cidr_block":"10.0.13.0/24","customer_owned_ipv4_pool":"","enable_dns64":false,"enable_lni_at_device_index":0,"enable_resource_name_dns_a_record_on_launch":false,"enable_resource_name_dns_aaaa_record_on_launch":false,"id":"subnet-071e8da9c876b9393","ipv6_cidr_block":"","ipv6_cidr_block_association_id":"","ipv6_native":false,"map_customer_owned_ip_on_launch":false,"map_public_ip_on_launch":false,"outpost_arn":"","owner_id":"806525743135","private_dns_hostname_type_on_launch":"ip-name","tags":{"Name":"my-vpc-private-us-east-2c"},"tags_all":{"Name":"my-vpc-private-us-east-2c"},"timeouts":null,"vpc_id":"vpc-0e97c32301600e83d"},"sensitive_attributes":[],"private":"eyJlMmJmYjczMC1lY2FhLTExZTYtOGY4OC0zNDM2M2JjN2M0YzAiOnsiY3JlYXRlIjo2MDAwMDAwMDAwMDAsImRlbGV0ZSI6MTIwMDAwMDAwMDAwMH0sInNjaGVtYV92ZXJzaW9uIjoiMSJ9","dependencies":["module.vpc.aws_vpc.this","module.vpc.aws_vpc_ipv4_cidr_block_association.this"]}]},{"module":"module.vpc","mode":"managed","type":"aws_subnet","name":"public","provider":"provider[\"registry.opentofu.org/hashicorp/aws\"]","instances":[{"index_key":0,"schema_version":1,"attributes":{"arn":"arn:aws:ec2:us-east-2:806525743135:subnet/subnet-01df6f3435ec1be13","assign_ipv6_address_on_creation":false,"availability_zone":"us-east-2a","availability_zone_id":"use2-az1","cidr_block":"10.0.1.0/24","customer_owned_ipv4_pool":"","enable_dns64":false,"enable_lni_at_device_index":0,"enable_resource_name_dns_a_record_on_launch":false,"enable_resource_name_dns_aaaa_record_on_launch":false,"id":"subnet-01df6f3435ec1be13","ipv6_cidr_block":"","ipv6_cidr_block_association_id":"","ipv6_native":false,"map_customer_owned_ip_on_launch":false,"map_public_ip_on_launch":false,"outpost_arn":"","owner_id":"806525743135","private_dns_hostname_type_on_launch":"ip-name","tags":{"Name":"my-vpc-public-us-east-2a"},"tags_all":{"Name":"my-vpc-public-us-east-2a"},"timeouts":null,"vpc_id":"vpc-0e97c32301600e83d"},"sensitive_attributes":[],"private":"eyJlMmJmYjczMC1lY2FhLTExZTYtOGY4OC0zNDM2M2JjN2M0YzAiOnsiY3JlYXRlIjo2MDAwMDAwMDAwMDAsImRlbGV0ZSI6MTIwMDAwMDAwMDAwMH0sInNjaGVtYV92ZXJzaW9uIjoiMSJ9","dependencies":["module.vpc.aws_vpc.this","module.vpc.aws_vpc_ipv4_cidr_block_association.this"]},{"index_key":1,"schema_version":1,"attributes":{"arn":"arn:aws:ec2:us-east-2:806525743135:subnet/subnet-0f7d108099ade8468","assign_ipv6_address_on_creation":false,"availability_zone":"us-east-2b","availability_zone_id":"use2-az2","cidr_block":"10.0.2.0/24","customer_owned_ipv4_pool":"","enable_dns64":false,"enable_lni_at_device_index":0,"enable_resource_name_dns_a_record_on_launch":false,"enable_resource_name_dns_aaaa_record_on_launch":false,"id":"subnet-0f7d108099ade8468","ipv6_cidr_block":"","ipv6_cidr_block_association_id":"","ipv6_native":false,"map_customer_owned_ip_on_launch":false,"map_public_ip_on_launch":false,"outpost_arn":"","owner_id":"806525743135","private_dns_hostname_type_on_launch":"ip-name","tags":{"Name":"my-vpc-public-us-east-2b"},"tags_all":{"Name":"my-vpc-public-us-east-2b"},"timeouts":null,"vpc_id":"vpc-0e97c32301600e83d"},"sensitive_attributes":[],"private":"eyJlMmJmYjczMC1lY2FhLTExZTYtOGY4OC0zNDM2M2JjN2M0YzAiOnsiY3JlYXRlIjo2MDAwMDAwMDAwMDAsImRlbGV0ZSI6MTIwMDAwMDAwMDAwMH0sInNjaGVtYV92ZXJzaW9uIjoiMSJ9","dependencies":["module.vpc.aws_vpc.this","module.vpc.aws_vpc_ipv4_cidr_block_association.this"]},{"index_key":2,"schema_version":1,"attributes":{"arn":"arn:aws:ec2:us-east-2:806525743135:subnet/subnet-018329750f0a207bd","assign_ipv6_address_on_creation":false,"availability_zone":"us-east-2c","availability_zone_id":"use2-az3","cidr_block":"10.0.3.0/24","customer_owned_ipv4_pool":"","enable_dns64":false,"enable_lni_at_device_index":0,"enable_resource_name_dns_a_record_on_launch":false,"enable_resource_name_dns_aaaa_record_on_launch":false,"id":"subnet-018329750f0a207bd","ipv6_cidr_block":"","ipv6_cidr_block_association_id":"","ipv6_native":false,"map_customer_owned_ip_on_launch":false,"map_public_ip_on_launch":false,"outpost_arn":"","owner_id":"806525743135","private_dns_hostname_type_on_launch":"ip-name","tags":{"Name":"my-vpc-public-us-east-2c"},"tags_all":{"Name":"my-vpc-public-us-east-2c"},"timeouts":null,"vpc_id":"vpc-0e97c32301600e83d"},"sensitive_attributes":[],"private":"eyJlMmJmYjczMC1lY2FhLTExZTYtOGY4OC0zNDM2M2JjN2M0YzAiOnsiY3JlYXRlIjo2MDAwMDAwMDAwMDAsImRlbGV0ZSI6MTIwMDAwMDAwMDAwMH0sInNjaGVtYV92ZXJzaW9uIjoiMSJ9","dependencies":["module.vpc.aws_vpc.this","module.vpc.aws_vpc_ipv4_cidr_block_association.this"]}]},{"module":"module.vpc","mode":"managed","type":"aws_vpc","name":"this","provider":"provider[\"registry.opentofu.org/hashicorp/aws\"]","instances":[{"index_key":0,"schema_version":1,"attributes":{"arn":"arn:aws:ec2:us-east-2:806525743135:vpc/vpc-0e97c32301600e83d","assign_generated_ipv6_cidr_block":false,"cidr_block":"10.0.0.0/16","default_network_acl_id":"acl-049b96eb84c5e6194","default_route_table_id":"rtb-0fba63506ee5c3c14","default_security_group_id":"sg-070dc59caa86c09ec","dhcp_options_id":"dopt-0a3921ccae65dcaf3","enable_dns_hostnames":true,"enable_dns_support":true,"enable_network_address_usage_metrics":false,"id":"vpc-0e97c32301600e83d","instance_tenancy":"default","ipv4_ipam_pool_id":null,"ipv4_netmask_length":null,"ipv6_association_id":"","ipv6_cidr_block":"","ipv6_cidr_block_network_border_group":"","ipv6_ipam_pool_id":"","ipv6_netmask_length":0,"main_route_table_id":"rtb-0fba63506ee5c3c14","owner_id":"806525743135","tags":{"Name":"my-vpc"},"tags_all":{"Name":"my-vpc"}},"sensitive_attributes":[],"private":"eyJzY2hlbWFfdmVyc2lvbiI6IjEifQ=="}]}],"check_results":null}
