{"version":4,"terraform_version":"1.11.3","serial":9,"lineage":"76fd8800-644c-c997-370a-a408d332cfc4","outputs":{"sample_app_instance_ids":{"value":[["i-063ef6c04e93ad988"],["i-087f278c861c7e751"]],"type":["tuple",[["tuple",["string"]],["tuple",["string"]]]]},"sample_app_public_ips":{"value":[["3.138.190.187"],["18.218.1.27"]],"type":["tuple",[["tuple",["string"]],["tuple",["string"]]]]},"sample_app_security_group_ids":{"value":["sg-0995cdb188ec6b825","sg-0ee5e616892e6ff06"],"type":["tuple",["string","string"]]}},"resources":[{"module":"module.sample_app[0]","mode":"managed","type":"aws_instance","name":"sample_app","provider":"provider[\"registry.opentofu.org/hashicorp/aws\"]","instances":[{"schema_version":1,"attributes":{"ami":"ami-0e010d6a1f1418320","arn":"arn:aws:ec2:us-east-2:806525743135:instance/i-063ef6c04e93ad988","associate_public_ip_address":true,"availability_zone":"us-east-2c","capacity_reservation_specification":[{"capacity_reservation_preference":"open","capacity_reservation_target":[]}],"cpu_core_count":1,"cpu_options":[{"amd_sev_snp":"","core_count":1,"threads_per_core":2}],"cpu_threads_per_core":2,"credit_specification":[{"cpu_credits":"unlimited"}],"disable_api_stop":false,"disable_api_termination":false,"ebs_block_device":[],"ebs_optimized":false,"enclave_options":[{"enabled":false}],"ephemeral_block_device":[],"get_password_data":false,"hibernation":false,"host_id":"","host_resource_group_arn":null,"iam_instance_profile":"","id":"i-063ef6c04e93ad988","instance_initiated_shutdown_behavior":"stop","instance_lifecycle":"","instance_market_options":[],"instance_state":"running","instance_type":"t3.micro","ipv6_address_count":0,"ipv6_addresses":[],"key_name":"","launch_template":[],"maintenance_options":[{"auto_recovery":"default"}],"metadata_options":[{"http_endpoint":"enabled","http_protocol_ipv6":"disabled","http_put_response_hop_limit":2,"http_tokens":"required","instance_metadata_tags":"disabled"}],"monitoring":false,"network_interface":[],"outpost_arn":"","password_data":"","placement_group":"","placement_partition_number":0,"primary_network_interface_id":"eni-0c25d2d5d21d67a72","private_dns":"ip-172-31-32-68.us-east-2.compute.internal","private_dns_name_options":[{"enable_resource_name_dns_a_record":false,"enable_resource_name_dns_aaaa_record":false,"hostname_type":"ip-name"}],"private_ip":"172.31.32.68","public_dns":"ec2-3-138-190-187.us-east-2.compute.amazonaws.com","public_ip":"3.138.190.187","root_block_device":[{"delete_on_termination":true,"device_name":"/dev/xvda","encrypted":false,"iops":3000,"kms_key_id":"","tags":{},"tags_all":{},"throughput":125,"volume_id":"vol-0447f6eb2907da5fb","volume_size":8,"volume_type":"gp3"}],"secondary_private_ips":[],"security_groups":["sample-app-tofu-0"],"source_dest_check":true,"spot_instance_request_id":"","subnet_id":"subnet-06601d75d6a06ddaa","tags":{"Name":"sample-app-tofu-0"},"tags_all":{"Name":"sample-app-tofu-0"},"tenancy":"default","timeouts":null,"user_data":"94623297d3459442ad6364a02daff080ec46d190","user_data_base64":null,"user_data_replace_on_change":false,"volume_tags":null,"vpc_security_group_ids":["sg-0995cdb188ec6b825"]},"sensitive_attributes":[],"private":"eyJlMmJmYjczMC1lY2FhLTExZTYtOGY4OC0zNDM2M2JjN2M0YzAiOnsiY3JlYXRlIjo2MDAwMDAwMDAwMDAsImRlbGV0ZSI6MTIwMDAwMDAwMDAwMCwicmVhZCI6OTAwMDAwMDAwMDAwLCJ1cGRhdGUiOjYwMDAwMDAwMDAwMH0sInNjaGVtYV92ZXJzaW9uIjoiMSJ9","dependencies":["module.sample_app.aws_security_group.sample_app"]}]},{"module":"module.sample_app[0]","mode":"managed","type":"aws_security_group","name":"sample_app","provider":"provider[\"registry.opentofu.org/hashicorp/aws\"]","instances":[{"schema_version":1,"attributes":{"arn":"arn:aws:ec2:us-east-2:806525743135:security-group/sg-0995cdb188ec6b825","description":"Allow HTTP traffic into sample-app-tofu-0","egress":[],"id":"sg-0995cdb188ec6b825","ingress":[],"name":"sample-app-tofu-0","name_prefix":"","owner_id":"806525743135","revoke_rules_on_delete":false,"tags":null,"tags_all":{},"timeouts":null,"vpc_id":"vpc-0249d508c3620faf5"},"sensitive_attributes":[],"private":"eyJlMmJmYjczMC1lY2FhLTExZTYtOGY4OC0zNDM2M2JjN2M0YzAiOnsiY3JlYXRlIjo2MDAwMDAwMDAwMDAsImRlbGV0ZSI6OTAwMDAwMDAwMDAwfSwic2NoZW1hX3ZlcnNpb24iOiIxIn0="}]},{"module":"module.sample_app[0]","mode":"managed","type":"aws_security_group_rule","name":"allow_all_outbound","provider":"provider[\"registry.opentofu.org/hashicorp/aws\"]","instances":[{"schema_version":2,"attributes":{"cidr_blocks":["0.0.0.0/0"],"description":null,"from_port":0,"id":"sgrule-1362609995","ipv6_cidr_blocks":null,"prefix_list_ids":null,"protocol":"-1","security_group_id":"sg-0995cdb188ec6b825","security_group_rule_id":"sgr-00ae8b4675ba773b4","self":false,"source_security_group_id":null,"timeouts":null,"to_port":0,"type":"egress"},"sensitive_attributes":[],"private":"eyJlMmJmYjczMC1lY2FhLTExZTYtOGY4OC0zNDM2M2JjN2M0YzAiOnsiY3JlYXRlIjozMDAwMDAwMDAwMDB9LCJzY2hlbWFfdmVyc2lvbiI6IjIifQ==","dependencies":["module.sample_app.aws_security_group.sample_app"]}]},{"module":"module.sample_app[0]","mode":"managed","type":"aws_security_group_rule","name":"allow_http_inbound","provider":"provider[\"registry.opentofu.org/hashicorp/aws\"]","instances":[{"schema_version":2,"attributes":{"cidr_blocks":["0.0.0.0/0"],"description":null,"from_port":8080,"id":"sgrule-1767472968","ipv6_cidr_blocks":null,"prefix_list_ids":null,"protocol":"tcp","security_group_id":"sg-0995cdb188ec6b825","security_group_rule_id":"sgr-0af3f050ac5bae10f","self":false,"source_security_group_id":null,"timeouts":null,"to_port":8080,"type":"ingress"},"sensitive_attributes":[],"private":"eyJlMmJmYjczMC1lY2FhLTExZTYtOGY4OC0zNDM2M2JjN2M0YzAiOnsiY3JlYXRlIjozMDAwMDAwMDAwMDB9LCJzY2hlbWFfdmVyc2lvbiI6IjIifQ==","dependencies":["module.sample_app.aws_security_group.sample_app"]}]},{"module":"module.sample_app[1]","mode":"managed","type":"aws_instance","name":"sample_app","provider":"provider[\"registry.opentofu.org/hashicorp/aws\"]","instances":[{"schema_version":1,"attributes":{"ami":"ami-0e010d6a1f1418320","arn":"arn:aws:ec2:us-east-2:806525743135:instance/i-087f278c861c7e751","associate_public_ip_address":true,"availability_zone":"us-east-2c","capacity_reservation_specification":[{"capacity_reservation_preference":"open","capacity_reservation_target":[]}],"cpu_core_count":1,"cpu_options":[{"amd_sev_snp":"","core_count":1,"threads_per_core":2}],"cpu_threads_per_core":2,"credit_specification":[{"cpu_credits":"unlimited"}],"disable_api_stop":false,"disable_api_termination":false,"ebs_block_device":[],"ebs_optimized":false,"enclave_options":[{"enabled":false}],"ephemeral_block_device":[],"get_password_data":false,"hibernation":false,"host_id":"","host_resource_group_arn":null,"iam_instance_profile":"","id":"i-087f278c861c7e751","instance_initiated_shutdown_behavior":"stop","instance_lifecycle":"","instance_market_options":[],"instance_state":"running","instance_type":"t3.micro","ipv6_address_count":0,"ipv6_addresses":[],"key_name":"","launch_template":[],"maintenance_options":[{"auto_recovery":"default"}],"metadata_options":[{"http_endpoint":"enabled","http_protocol_ipv6":"disabled","http_put_response_hop_limit":2,"http_tokens":"required","instance_metadata_tags":"disabled"}],"monitoring":false,"network_interface":[],"outpost_arn":"","password_data":"","placement_group":"","placement_partition_number":0,"primary_network_interface_id":"eni-0de5d7bd0939937cf","private_dns":"ip-172-31-37-173.us-east-2.compute.internal","private_dns_name_options":[{"enable_resource_name_dns_a_record":false,"enable_resource_name_dns_aaaa_record":false,"hostname_type":"ip-name"}],"private_ip":"172.31.37.173","public_dns":"ec2-18-218-1-27.us-east-2.compute.amazonaws.com","public_ip":"18.218.1.27","root_block_device":[{"delete_on_termination":true,"device_name":"/dev/xvda","encrypted":false,"iops":3000,"kms_key_id":"","tags":{},"tags_all":{},"throughput":125,"volume_id":"vol-061d6f62a01cd5a3c","volume_size":8,"volume_type":"gp3"}],"secondary_private_ips":[],"security_groups":["sample-app-tofu-1"],"source_dest_check":true,"spot_instance_request_id":"","subnet_id":"subnet-06601d75d6a06ddaa","tags":{"Name":"sample-app-tofu-1"},"tags_all":{"Name":"sample-app-tofu-1"},"tenancy":"default","timeouts":null,"user_data":"94623297d3459442ad6364a02daff080ec46d190","user_data_base64":null,"user_data_replace_on_change":false,"volume_tags":null,"vpc_security_group_ids":["sg-0ee5e616892e6ff06"]},"sensitive_attributes":[],"private":"eyJlMmJmYjczMC1lY2FhLTExZTYtOGY4OC0zNDM2M2JjN2M0YzAiOnsiY3JlYXRlIjo2MDAwMDAwMDAwMDAsImRlbGV0ZSI6MTIwMDAwMDAwMDAwMCwicmVhZCI6OTAwMDAwMDAwMDAwLCJ1cGRhdGUiOjYwMDAwMDAwMDAwMH0sInNjaGVtYV92ZXJzaW9uIjoiMSJ9","dependencies":["module.sample_app.aws_security_group.sample_app"]}]},{"module":"module.sample_app[1]","mode":"managed","type":"aws_security_group","name":"sample_app","provider":"provider[\"registry.opentofu.org/hashicorp/aws\"]","instances":[{"schema_version":1,"attributes":{"arn":"arn:aws:ec2:us-east-2:806525743135:security-group/sg-0ee5e616892e6ff06","description":"Allow HTTP traffic into sample-app-tofu-1","egress":[],"id":"sg-0ee5e616892e6ff06","ingress":[],"name":"sample-app-tofu-1","name_prefix":"","owner_id":"806525743135","revoke_rules_on_delete":false,"tags":null,"tags_all":{},"timeouts":null,"vpc_id":"vpc-0249d508c3620faf5"},"sensitive_attributes":[],"private":"eyJlMmJmYjczMC1lY2FhLTExZTYtOGY4OC0zNDM2M2JjN2M0YzAiOnsiY3JlYXRlIjo2MDAwMDAwMDAwMDAsImRlbGV0ZSI6OTAwMDAwMDAwMDAwfSwic2NoZW1hX3ZlcnNpb24iOiIxIn0="}]},{"module":"module.sample_app[1]","mode":"managed","type":"aws_security_group_rule","name":"allow_all_outbound","provider":"provider[\"registry.opentofu.org/hashicorp/aws\"]","instances":[{"schema_version":2,"attributes":{"cidr_blocks":["0.0.0.0/0"],"description":null,"from_port":0,"id":"sgrule-3337790958","ipv6_cidr_blocks":null,"prefix_list_ids":null,"protocol":"-1","security_group_id":"sg-0ee5e616892e6ff06","security_group_rule_id":"sgr-05ec94d7a76de282b","self":false,"source_security_group_id":null,"timeouts":null,"to_port":0,"type":"egress"},"sensitive_attributes":[],"private":"eyJlMmJmYjczMC1lY2FhLTExZTYtOGY4OC0zNDM2M2JjN2M0YzAiOnsiY3JlYXRlIjozMDAwMDAwMDAwMDB9LCJzY2hlbWFfdmVyc2lvbiI6IjIifQ==","dependencies":["module.sample_app.aws_security_group.sample_app"]}]},{"module":"module.sample_app[1]","mode":"managed","type":"aws_security_group_rule","name":"allow_http_inbound","provider":"provider[\"registry.opentofu.org/hashicorp/aws\"]","instances":[{"schema_version":2,"attributes":{"cidr_blocks":["0.0.0.0/0"],"description":null,"from_port":8080,"id":"sgrule-2983623083","ipv6_cidr_blocks":null,"prefix_list_ids":null,"protocol":"tcp","security_group_id":"sg-0ee5e616892e6ff06","security_group_rule_id":"sgr-097dcadc6cb8c5a09","self":false,"source_security_group_id":null,"timeouts":null,"to_port":8080,"type":"ingress"},"sensitive_attributes":[],"private":"eyJlMmJmYjczMC1lY2FhLTExZTYtOGY4OC0zNDM2M2JjN2M0YzAiOnsiY3JlYXRlIjozMDAwMDAwMDAwMDB9LCJzY2hlbWFfdmVyc2lvbiI6IjIifQ==","dependencies":["module.sample_app.aws_security_group.sample_app"]}]}],"check_results":null}
